
Microsoft Visual Studio Solution File, Format Version 11.00
# Visual Studio 2010
Project("{FAE04EC0-301F-11D3-BF4B-00C04F79EFBC}") = "DALightmapper", "DALightmapper\DALightmapper.csproj", "{22FEEA74-18F9-4AFD-9D0C-5D0E7E100C6E}"
EndProject
Project("{2150E333-8FDC-42A3-9474-1A3956D46DE8}") = "Solution Items", "Solution Items", "{4BB273DE-0FB5-4FCE-9161-ED7F7F64A611}"
	ProjectSection(SolutionItems) = preProject
		DALightmapper.vsmdi = DALightmapper.vsmdi
		Local.testsettings = Local.testsettings
		TraceAndTestImpact.testsettings = TraceAndTestImpact.testsettings
	EndProjectSection
EndProject
Project("{FAE04EC0-301F-11D3-BF4B-00C04F79EFBC}") = "DATool", "DATool\DATool.csproj", "{5C3FD9A8-10C4-4999-8763-E89B5D408DAA}"
EndProject
Project("{FAE04EC0-301F-11D3-BF4B-00C04F79EFBC}") = "Bioware", "Bioware\Bioware.csproj", "{83E62F7F-0C27-471A-AD5A-659BBD6611FC}"
EndProject
Project("{FAE04EC0-301F-11D3-BF4B-00C04F79EFBC}") = "Geometry", "Geometry\Geometry.csproj", "{25E2EDAF-12A5-4C25-9CCB-2716CE0EAC99}"
EndProject
Project("{FAE04EC0-301F-11D3-BF4B-00C04F79EFBC}") = "Tests", "Tests\Tests.csproj", "{C67FD9A9-195C-4F08-9C42-F330D72B8199}"
EndProject
Global
	GlobalSection(SubversionScc) = preSolution
		Svn-Managed = True
		Manager = AnkhSVN - Subversion Support for Visual Studio
	EndGlobalSection
	GlobalSection(TestCaseManagementSettings) = postSolution
		CategoryFile = DALightmapper.vsmdi
	EndGlobalSection
	GlobalSection(SolutionConfigurationPlatforms) = preSolution
		Debug|Any CPU = Debug|Any CPU
		Debug|Mixed Platforms = Debug|Mixed Platforms
		Debug|x86 = Debug|x86
		Release|Any CPU = Release|Any CPU
		Release|Mixed Platforms = Release|Mixed Platforms
		Release|x86 = Release|x86
	EndGlobalSection
	GlobalSection(ProjectConfigurationPlatforms) = postSolution
		{22FEEA74-18F9-4AFD-9D0C-5D0E7E100C6E}.Debug|Any CPU.ActiveCfg = Debug|x86
		{22FEEA74-18F9-4AFD-9D0C-5D0E7E100C6E}.Debug|Mixed Platforms.ActiveCfg = Debug|x86
		{22FEEA74-18F9-4AFD-9D0C-5D0E7E100C6E}.Debug|Mixed Platforms.Build.0 = Debug|x86
		{22FEEA74-18F9-4AFD-9D0C-5D0E7E100C6E}.Debug|x86.ActiveCfg = Debug|x86
		{22FEEA74-18F9-4AFD-9D0C-5D0E7E100C6E}.Debug|x86.Build.0 = Debug|x86
		{22FEEA74-18F9-4AFD-9D0C-5D0E7E100C6E}.Release|Any CPU.ActiveCfg = Release|x86
		{22FEEA74-18F9-4AFD-9D0C-5D0E7E100C6E}.Release|Mixed Platforms.ActiveCfg = Release|x86
		{22FEEA74-18F9-4AFD-9D0C-5D0E7E100C6E}.Release|Mixed Platforms.Build.0 = Release|x86
		{22FEEA74-18F9-4AFD-9D0C-5D0E7E100C6E}.Release|x86.ActiveCfg = Release|x86
		{22FEEA74-18F9-4AFD-9D0C-5D0E7E100C6E}.Release|x86.Build.0 = Release|x86
		{5C3FD9A8-10C4-4999-8763-E89B5D408DAA}.Debug|Any CPU.ActiveCfg = Debug|x86
		{5C3FD9A8-10C4-4999-8763-E89B5D408DAA}.Debug|Mixed Platforms.ActiveCfg = Debug|x86
		{5C3FD9A8-10C4-4999-8763-E89B5D408DAA}.Debug|Mixed Platforms.Build.0 = Debug|x86
		{5C3FD9A8-10C4-4999-8763-E89B5D408DAA}.Debug|x86.ActiveCfg = Debug|x86
		{5C3FD9A8-10C4-4999-8763-E89B5D408DAA}.Debug|x86.Build.0 = Debug|x86
		{5C3FD9A8-10C4-4999-8763-E89B5D408DAA}.Release|Any CPU.ActiveCfg = Release|x86
		{5C3FD9A8-10C4-4999-8763-E89B5D408DAA}.Release|Mixed Platforms.ActiveCfg = Release|x86
		{5C3FD9A8-10C4-4999-8763-E89B5D408DAA}.Release|Mixed Platforms.Build.0 = Release|x86
		{5C3FD9A8-10C4-4999-8763-E89B5D408DAA}.Release|x86.ActiveCfg = Release|x86
		{5C3FD9A8-10C4-4999-8763-E89B5D408DAA}.Release|x86.Build.0 = Release|x86
		{83E62F7F-0C27-471A-AD5A-659BBD6611FC}.Debug|Any CPU.ActiveCfg = Debug|Any CPU
		{83E62F7F-0C27-471A-AD5A-659BBD6611FC}.Debug|Any CPU.Build.0 = Debug|Any CPU
		{83E62F7F-0C27-471A-AD5A-659BBD6611FC}.Debug|Mixed Platforms.ActiveCfg = Debug|Any CPU
		{83E62F7F-0C27-471A-AD5A-659BBD6611FC}.Debug|Mixed Platforms.Build.0 = Debug|Any CPU
		{83E62F7F-0C27-471A-AD5A-659BBD6611FC}.Debug|x86.ActiveCfg = Debug|Any CPU
		{83E62F7F-0C27-471A-AD5A-659BBD6611FC}.Release|Any CPU.ActiveCfg = Release|Any CPU
		{83E62F7F-0C27-471A-AD5A-659BBD6611FC}.Release|Any CPU.Build.0 = Release|Any CPU
		{83E62F7F-0C27-471A-AD5A-659BBD6611FC}.Release|Mixed Platforms.ActiveCfg = Release|Any CPU
		{83E62F7F-0C27-471A-AD5A-659BBD6611FC}.Release|Mixed Platforms.Build.0 = Release|Any CPU
		{83E62F7F-0C27-471A-AD5A-659BBD6611FC}.Release|x86.ActiveCfg = Release|Any CPU
		{25E2EDAF-12A5-4C25-9CCB-2716CE0EAC99}.Debug|Any CPU.ActiveCfg = Debug|Any CPU
		{25E2EDAF-12A5-4C25-9CCB-2716CE0EAC99}.Debug|Any CPU.Build.0 = Debug|Any CPU
		{25E2EDAF-12A5-4C25-9CCB-2716CE0EAC99}.Debug|Mixed Platforms.ActiveCfg = Debug|Any CPU
		{25E2EDAF-12A5-4C25-9CCB-2716CE0EAC99}.Debug|Mixed Platforms.Build.0 = Debug|Any CPU
		{25E2EDAF-12A5-4C25-9CCB-2716CE0EAC99}.Debug|x86.ActiveCfg = Debug|Any CPU
		{25E2EDAF-12A5-4C25-9CCB-2716CE0EAC99}.Release|Any CPU.ActiveCfg = Release|Any CPU
		{25E2EDAF-12A5-4C25-9CCB-2716CE0EAC99}.Release|Any CPU.Build.0 = Release|Any CPU
		{25E2EDAF-12A5-4C25-9CCB-2716CE0EAC99}.Release|Mixed Platforms.ActiveCfg = Release|Any CPU
		{25E2EDAF-12A5-4C25-9CCB-2716CE0EAC99}.Release|Mixed Platforms.Build.0 = Release|Any CPU
		{25E2EDAF-12A5-4C25-9CCB-2716CE0EAC99}.Release|x86.ActiveCfg = Release|Any CPU
		{C67FD9A9-195C-4F08-9C42-F330D72B8199}.Debug|Any CPU.ActiveCfg = Debug|Any CPU
		{C67FD9A9-195C-4F08-9C42-F330D72B8199}.Debug|Any CPU.Build.0 = Debug|Any CPU
		{C67FD9A9-195C-4F08-9C42-F330D72B8199}.Debug|Mixed Platforms.ActiveCfg = Debug|Any CPU
		{C67FD9A9-195C-4F08-9C42-F330D72B8199}.Debug|Mixed Platforms.Build.0 = Debug|Any CPU
		{C67FD9A9-195C-4F08-9C42-F330D72B8199}.Debug|x86.ActiveCfg = Debug|Any CPU
		{C67FD9A9-195C-4F08-9C42-F330D72B8199}.Release|Any CPU.ActiveCfg = Release|Any CPU
		{C67FD9A9-195C-4F08-9C42-F330D72B8199}.Release|Any CPU.Build.0 = Release|Any CPU
		{C67FD9A9-195C-4F08-9C42-F330D72B8199}.Release|Mixed Platforms.ActiveCfg = Release|Any CPU
		{C67FD9A9-195C-4F08-9C42-F330D72B8199}.Release|Mixed Platforms.Build.0 = Release|Any CPU
		{C67FD9A9-195C-4F08-9C42-F330D72B8199}.Release|x86.ActiveCfg = Release|Any CPU
	EndGlobalSection
	GlobalSection(SolutionProperties) = preSolution
		HideSolutionNode = FALSE
	EndGlobalSection
EndGlobal
